
Microsoft Visual Studio Solution File, Format Version 12.00
# Visual Studio Version 17
VisualStudioVersion = 17.5.33502.453
MinimumVisualStudioVersion = 10.0.40219.1
Project("{9A19103F-16F7-4668-BE54-9A1E7A4F7556}") = "FilmSystem.Domain", "FilmSystem.Domain\FilmSystem.Domain.csproj", "{53403DAC-3FDE-4C20-B4A8-8B7FEA3EF4B2}"
EndProject
Project("{FAE04EC0-301F-11D3-BF4B-00C04F79EFBC}") = "FilmSystem.Infrastructure", "FilmSystem.Infrastructure\FilmSystem.Infrastructure.csproj", "{0954C489-9C6C-4C68-9432-5989116C3967}"
EndProject
Project("{FAE04EC0-301F-11D3-BF4B-00C04F79EFBC}") = "FilmSystem.API", "FilmSystem.API\FilmSystem.API.csproj", "{6A86B844-2596-4726-BA22-2230A074C6B7}"
EndProject
Global
	GlobalSection(SolutionConfigurationPlatforms) = preSolution
		Debug|Any CPU = Debug|Any CPU
		Release|Any CPU = Release|Any CPU
	EndGlobalSection
	GlobalSection(ProjectConfigurationPlatforms) = postSolution
		{53403DAC-3FDE-4C20-B4A8-8B7FEA3EF4B2}.Debug|Any CPU.ActiveCfg = Debug|Any CPU
		{53403DAC-3FDE-4C20-B4A8-8B7FEA3EF4B2}.Debug|Any CPU.Build.0 = Debug|Any CPU
		{53403DAC-3FDE-4C20-B4A8-8B7FEA3EF4B2}.Release|Any CPU.ActiveCfg = Release|Any CPU
		{53403DAC-3FDE-4C20-B4A8-8B7FEA3EF4B2}.Release|Any CPU.Build.0 = Release|Any CPU
		{0954C489-9C6C-4C68-9432-5989116C3967}.Debug|Any CPU.ActiveCfg = Debug|Any CPU
		{0954C489-9C6C-4C68-9432-5989116C3967}.Debug|Any CPU.Build.0 = Debug|Any CPU
		{0954C489-9C6C-4C68-9432-5989116C3967}.Release|Any CPU.ActiveCfg = Release|Any CPU
		{0954C489-9C6C-4C68-9432-5989116C3967}.Release|Any CPU.Build.0 = Release|Any CPU
		{6A86B844-2596-4726-BA22-2230A074C6B7}.Debug|Any CPU.ActiveCfg = Debug|Any CPU
		{6A86B844-2596-4726-BA22-2230A074C6B7}.Debug|Any CPU.Build.0 = Debug|Any CPU
		{6A86B844-2596-4726-BA22-2230A074C6B7}.Release|Any CPU.ActiveCfg = Release|Any CPU
		{6A86B844-2596-4726-BA22-2230A074C6B7}.Release|Any CPU.Build.0 = Release|Any CPU
	EndGlobalSection
	GlobalSection(SolutionProperties) = preSolution
		HideSolutionNode = FALSE
	EndGlobalSection
	GlobalSection(ExtensibilityGlobals) = postSolution
		SolutionGuid = {CEE1E61E-DB7C-4952-B96E-865548F7F626}
	EndGlobalSection
EndGlobal
